
Microsoft Visual Studio Solution File, Format Version 12.00
# Visual Studio Version 16
VisualStudioVersion = 16.0.31402.337
MinimumVisualStudioVersion = 10.0.40219.1
Project("{FAE04EC0-301F-11D3-BF4B-00C04F79EFBC}") = "TrackerLibrary", "TrackerLibrary\TrackerLibrary.csproj", "{35F0C8E7-37BD-43FF-913D-4F441730A4A0}"
EndProject
Project("{FAE04EC0-301F-11D3-BF4B-00C04F79EFBC}") = "TrackerUI", "TrackerUI\TrackerUI.csproj", "{2CF055C3-94C2-4EEB-BAC3-16A03A727DCF}"
EndProject
Global
	GlobalSection(SolutionConfigurationPlatforms) = preSolution
		Debug|Any CPU = Debug|Any CPU
		Release|Any CPU = Release|Any CPU
	EndGlobalSection
	GlobalSection(ProjectConfigurationPlatforms) = postSolution
		{35F0C8E7-37BD-43FF-913D-4F441730A4A0}.Debug|Any CPU.ActiveCfg = Debug|Any CPU
		{35F0C8E7-37BD-43FF-913D-4F441730A4A0}.Debug|Any CPU.Build.0 = Debug|Any CPU
		{35F0C8E7-37BD-43FF-913D-4F441730A4A0}.Release|Any CPU.ActiveCfg = Release|Any CPU
		{35F0C8E7-37BD-43FF-913D-4F441730A4A0}.Release|Any CPU.Build.0 = Release|Any CPU
		{2CF055C3-94C2-4EEB-BAC3-16A03A727DCF}.Debug|Any CPU.ActiveCfg = Debug|Any CPU
		{2CF055C3-94C2-4EEB-BAC3-16A03A727DCF}.Debug|Any CPU.Build.0 = Debug|Any CPU
		{2CF055C3-94C2-4EEB-BAC3-16A03A727DCF}.Release|Any CPU.ActiveCfg = Release|Any CPU
		{2CF055C3-94C2-4EEB-BAC3-16A03A727DCF}.Release|Any CPU.Build.0 = Release|Any CPU
	EndGlobalSection
	GlobalSection(SolutionProperties) = preSolution
		HideSolutionNode = FALSE
	EndGlobalSection
	GlobalSection(ExtensibilityGlobals) = postSolution
		SolutionGuid = {0BB89D65-FD4C-4E1C-ADD2-77FD28B12373}
	EndGlobalSection
EndGlobal
